
Microsoft Visual Studio Solution File, Format Version 12.00
# Visual Studio Version 17
VisualStudioVersion = 17.13.35931.197 d17.13
MinimumVisualStudioVersion = 10.0.40219.1
Project("{FAE04EC0-301F-11D3-BF4B-00C04F79EFBC}") = "FaceScan.Interfaces", "FaceScan.Interfaces.csproj", "{D5602BE5-C9CF-36AC-0124-9817A06BC44B}"
EndProject
Global
	GlobalSection(SolutionConfigurationPlatforms) = preSolution
		Debug|Any CPU = Debug|Any CPU
		Release|Any CPU = Release|Any CPU
	EndGlobalSection
	GlobalSection(ProjectConfigurationPlatforms) = postSolution
		{D5602BE5-C9CF-36AC-0124-9817A06BC44B}.Debug|Any CPU.ActiveCfg = Debug|Any CPU
		{D5602BE5-C9CF-36AC-0124-9817A06BC44B}.Debug|Any CPU.Build.0 = Debug|Any CPU
		{D5602BE5-C9CF-36AC-0124-9817A06BC44B}.Release|Any CPU.ActiveCfg = Release|Any CPU
		{D5602BE5-C9CF-36AC-0124-9817A06BC44B}.Release|Any CPU.Build.0 = Release|Any CPU
	EndGlobalSection
	GlobalSection(SolutionProperties) = preSolution
		HideSolutionNode = FALSE
	EndGlobalSection
	GlobalSection(ExtensibilityGlobals) = postSolution
		SolutionGuid = {791B3BAD-AD9D-414F-BFA9-12EAB5C5B663}
	EndGlobalSection
EndGlobal
